
Microsoft Visual Studio Solution File, Format Version 12.00
# Visual Studio Version 16
VisualStudioVersion = 25.0.1705.6
MinimumVisualStudioVersion = 10.0.40219.1
Project("{FAE04EC0-301F-11D3-BF4B-00C04F79EFBC}") = "FirstApp", "FirstApp\FirstApp.csproj", "{3584970D-56BC-4DD1-8074-4AA8D9EEAACD}"
EndProject
Project("{FAE04EC0-301F-11D3-BF4B-00C04F79EFBC}") = "BookStore", "BookStore\BookStore.csproj", "{99A01128-D457-4767-BB54-299F7B4F0048}"
EndProject
Project("{2150E333-8FDC-42A3-9474-1A3956D46DE8}") = "Solution Items", "Solution Items", "{885FB98C-A2F4-486E-8D7E-7FAF341B77A4}"
	ProjectSection(SolutionItems) = preProject
		README.MD = README.MD
	EndProjectSection
EndProject
Global
	GlobalSection(SolutionConfigurationPlatforms) = preSolution
		Debug|Any CPU = Debug|Any CPU
		Release|Any CPU = Release|Any CPU
	EndGlobalSection
	GlobalSection(ProjectConfigurationPlatforms) = postSolution
		{3584970D-56BC-4DD1-8074-4AA8D9EEAACD}.Debug|Any CPU.ActiveCfg = Debug|Any CPU
		{3584970D-56BC-4DD1-8074-4AA8D9EEAACD}.Debug|Any CPU.Build.0 = Debug|Any CPU
		{3584970D-56BC-4DD1-8074-4AA8D9EEAACD}.Release|Any CPU.ActiveCfg = Release|Any CPU
		{3584970D-56BC-4DD1-8074-4AA8D9EEAACD}.Release|Any CPU.Build.0 = Release|Any CPU
		{99A01128-D457-4767-BB54-299F7B4F0048}.Debug|Any CPU.ActiveCfg = Debug|Any CPU
		{99A01128-D457-4767-BB54-299F7B4F0048}.Debug|Any CPU.Build.0 = Debug|Any CPU
		{99A01128-D457-4767-BB54-299F7B4F0048}.Release|Any CPU.ActiveCfg = Release|Any CPU
		{99A01128-D457-4767-BB54-299F7B4F0048}.Release|Any CPU.Build.0 = Release|Any CPU
	EndGlobalSection
	GlobalSection(SolutionProperties) = preSolution
		HideSolutionNode = FALSE
	EndGlobalSection
	GlobalSection(ExtensibilityGlobals) = postSolution
		SolutionGuid = {DBA4D47F-C71C-4F5F-AEBD-3943BC1D6450}
	EndGlobalSection
EndGlobal
